
Microsoft Visual Studio Solution File, Format Version 12.00
# Visual Studio 2013
VisualStudioVersion = 12.0.21005.1
MinimumVisualStudioVersion = 10.0.40219.1
Project("{FAE04EC0-301F-11D3-BF4B-00C04F79EFBC}") = "Floream.People", "Floream.People\Floream.People.csproj", "{4326F181-637F-48F7-8048-4B3CB8FD158A}"
EndProject
Project("{FAE04EC0-301F-11D3-BF4B-00C04F79EFBC}") = "Floream.People.DataSources", "Floream.People.DataSources\Floream.People.DataSources.csproj", "{A59DEDC7-0F00-436B-A3D5-7D7DAAB20A2E}"
EndProject
Global
	GlobalSection(SolutionConfigurationPlatforms) = preSolution
		Debug|Any CPU = Debug|Any CPU
		Release|Any CPU = Release|Any CPU
	EndGlobalSection
	GlobalSection(ProjectConfigurationPlatforms) = postSolution
		{4326F181-637F-48F7-8048-4B3CB8FD158A}.Debug|Any CPU.ActiveCfg = Debug|Any CPU
		{4326F181-637F-48F7-8048-4B3CB8FD158A}.Debug|Any CPU.Build.0 = Debug|Any CPU
		{4326F181-637F-48F7-8048-4B3CB8FD158A}.Release|Any CPU.ActiveCfg = Release|Any CPU
		{4326F181-637F-48F7-8048-4B3CB8FD158A}.Release|Any CPU.Build.0 = Release|Any CPU
		{A59DEDC7-0F00-436B-A3D5-7D7DAAB20A2E}.Debug|Any CPU.ActiveCfg = Debug|Any CPU
		{A59DEDC7-0F00-436B-A3D5-7D7DAAB20A2E}.Debug|Any CPU.Build.0 = Debug|Any CPU
		{A59DEDC7-0F00-436B-A3D5-7D7DAAB20A2E}.Release|Any CPU.ActiveCfg = Release|Any CPU
		{A59DEDC7-0F00-436B-A3D5-7D7DAAB20A2E}.Release|Any CPU.Build.0 = Release|Any CPU
	EndGlobalSection
	GlobalSection(SolutionProperties) = preSolution
		HideSolutionNode = FALSE
	EndGlobalSection
EndGlobal
